PODS:
  - Masonry (1.0.1)
  - SDWebImage (3.8.1):
    - SDWebImage/Core (= 3.8.1)
  - SDWebImage/Core (3.8.1)
  - UCarTimeDate (1.0.0)

DEPENDENCIES:
  - Masonry
  - SDWebImage
  - UCarTimeDate

SPEC CHECKSUMS:
  Masonry: a1a931a0d08870ed8ae415a2ea5ea68ebcac77df
  SDWebImage: 35f9627a3e44b4f292a8a8ce6a531fa488239b91
  UCarTimeDate: 23d2709a0a5eb0857fbd1b87824946541e37c146

PODFILE CHECKSUM: 160bc1d2298b997ff1ff76b9913927d8910b545d

COCOAPODS: 1.2.1.beta.1
